<?xml version="1.0" encoding="utf-8"?>
<Project ToolsVersion="4.0" xmlns="http://schemas.microsoft.com/developer/msbuild/2003">
  <Import Project="LVGL.Portable.vcxitems.filters" />
  <Import Project="LVGL.Drivers.vcxitems.filters" />
  <ItemGroup>
    <ClInclude Include="lv_conf.h" />
    <ClInclude Include="lv_drv_conf.h" />
  </ItemGroup>
  <ItemGroup>
    <Manifest Include="LVGL.Simulator.manifest" />
  </ItemGroup>
  <ItemGroup>
    <ClInclude Include="Mile.Project.Properties.h" />
    <ClInclude Include="resource.h" />
  </ItemGroup>
  <ItemGroup>
    <ClCompile Include="LVGL.Simulator.cpp" />
    <ClCompile Include="application.cpp" />
    <ClCompile Include="ui_demo\ui.c">
      <Filter>demo</Filter>
    </ClCompile>
    <ClCompile Include="ui_demo\ui_font_Small_Font.c">
      <Filter>demo</Filter>
    </ClCompile>
    <ClCompile Include="ui_demo\ui_helpers.c">
      <Filter>demo</Filter>
    </ClCompile>
    <ClCompile Include="ui_demo\ui_img_3d_printer_bg_png.c">
      <Filter>demo</Filter>
    </ClCompile>
    <ClCompile Include="ui_demo\ui_img_arrow_down_png.c">
      <Filter>demo</Filter>
    </ClCompile>
    <ClCompile Include="ui_demo\ui_img_arrow_left_png.c">
      <Filter>demo</Filter>
    </ClCompile>
    <ClCompile Include="ui_demo\ui_img_arrow_right_png.c">
      <Filter>demo</Filter>
    </ClCompile>
    <ClCompile Include="ui_demo\ui_img_arrow_up_png.c">
      <Filter>demo</Filter>
    </ClCompile>
    <ClCompile Include="ui_demo\ui_img_btn_main_off_png.c">
      <Filter>demo</Filter>
    </ClCompile>
    <ClCompile Include="ui_demo\ui_img_btn_main_on_png.c">
      <Filter>demo</Filter>
    </ClCompile>
    <ClCompile Include="ui_demo\ui_img_btn_move_png.c">
      <Filter>demo</Filter>
    </ClCompile>
    <ClCompile Include="ui_demo\ui_img_btn_pad_bottom_png.c">
      <Filter>demo</Filter>
    </ClCompile>
    <ClCompile Include="ui_demo\ui_img_btn_pad_top_png.c">
      <Filter>demo</Filter>
    </ClCompile>
    <ClCompile Include="ui_demo\ui_img_btn_print_down_png.c">
      <Filter>demo</Filter>
    </ClCompile>
    <ClCompile Include="ui_demo\ui_img_btn_print_png.c">
      <Filter>demo</Filter>
    </ClCompile>
    <ClCompile Include="ui_demo\ui_img_btn_print_top_off_png.c">
      <Filter>demo</Filter>
    </ClCompile>
    <ClCompile Include="ui_demo\ui_img_btn_setting_png.c">
      <Filter>demo</Filter>
    </ClCompile>
    <ClCompile Include="ui_demo\ui_img_btn_z_botton_png.c">
      <Filter>demo</Filter>
    </ClCompile>
    <ClCompile Include="ui_demo\ui_img_btn_z_top_png.c">
      <Filter>demo</Filter>
    </ClCompile>
    <ClCompile Include="ui_demo\ui_img_icn_bed_png.c">
      <Filter>demo</Filter>
    </ClCompile>
    <ClCompile Include="ui_demo\ui_img_icn_head_png.c">
      <Filter>demo</Filter>
    </ClCompile>
    <ClCompile Include="ui_demo\ui_img_icn_pause_png.c">
      <Filter>demo</Filter>
    </ClCompile>
    <ClCompile Include="ui_demo\ui_img_icn_pc_png.c">
      <Filter>demo</Filter>
    </ClCompile>
    <ClCompile Include="ui_demo\ui_img_icn_stop_png.c">
      <Filter>demo</Filter>
    </ClCompile>
    <ClCompile Include="ui_demo\ui_img_icn_time_1_png.c">
      <Filter>demo</Filter>
    </ClCompile>
    <ClCompile Include="ui_demo\ui_img_icn_time_2_png.c">
      <Filter>demo</Filter>
    </ClCompile>
    <ClCompile Include="ui_demo\ui_img_icn_usb_png.c">
      <Filter>demo</Filter>
    </ClCompile>
    <ClCompile Include="ui_demo\ui_img_icn_wifi_png.c">
      <Filter>demo</Filter>
    </ClCompile>
    <ClCompile Include="ui_demo\ui_img_print_view_bg_png.c">
      <Filter>demo</Filter>
    </ClCompile>
    <ClCompile Include="ui_demo\ui_img_print_view_front_png.c">
      <Filter>demo</Filter>
    </ClCompile>
    <ClCompile Include="ui_demo\ui_img_roller_bg_png.c">
      <Filter>demo</Filter>
    </ClCompile>
    <ClCompile Include="win_port\serial_port.cpp" />
  </ItemGroup>
  <ItemGroup>
    <ResourceCompile Include="LVGL.Simulator.rc" />
  </ItemGroup>
  <ItemGroup>
    <Image Include="LVGL.ico" />
  </ItemGroup>
  <ItemGroup>
    <None Include="freetype.props" />
  </ItemGroup>
  <ItemGroup>
    <Filter Include="demo">
      <UniqueIdentifier>{a528dfbc-c46e-454c-8f2d-94307090643d}</UniqueIdentifier>
    </Filter>
  </ItemGroup>
</Project>